
Microsoft Visual Studio Solution File, Format Version 12.00
# Visual Studio Version 17
VisualStudioVersion = 17.0.31903.59
MinimumVisualStudioVersion = 10.0.40219.1
Project("{2150E333-8FDC-42A3-9474-1A3956D46DE8}") = "backend", "backend", "{FF249C34-B01B-4762-B724-1811C9CEBA02}"
EndProject
Project("{FAE04EC0-301F-11D3-BF4B-00C04F79EFBC}") = "Mission11_bement.API", "backend\Mission11_bement.API\Mission11_bement.API.csproj", "{2580C0E3-FE77-498C-B44A-E722848D59B0}"
EndProject
Global
	GlobalSection(SolutionConfigurationPlatforms) = preSolution
		Debug|Any CPU = Debug|Any CPU
		Release|Any CPU = Release|Any CPU
	EndGlobalSection
	GlobalSection(SolutionProperties) = preSolution
		HideSolutionNode = FALSE
	EndGlobalSection
	GlobalSection(ProjectConfigurationPlatforms) = postSolution
		{2580C0E3-FE77-498C-B44A-E722848D59B0}.Debug|Any CPU.ActiveCfg = Debug|Any CPU
		{2580C0E3-FE77-498C-B44A-E722848D59B0}.Debug|Any CPU.Build.0 = Debug|Any CPU
		{2580C0E3-FE77-498C-B44A-E722848D59B0}.Release|Any CPU.ActiveCfg = Release|Any CPU
		{2580C0E3-FE77-498C-B44A-E722848D59B0}.Release|Any CPU.Build.0 = Release|Any CPU
	EndGlobalSection
	GlobalSection(NestedProjects) = preSolution
		{2580C0E3-FE77-498C-B44A-E722848D59B0} = {FF249C34-B01B-4762-B724-1811C9CEBA02}
	EndGlobalSection
EndGlobal
